
Microsoft Visual Studio Solution File, Format Version 12.00
# Visual Studio Version 17
VisualStudioVersion = 17.1.31911.260
MinimumVisualStudioVersion = 10.0.40219.1
Project("{9A19103F-16F7-4668-BE54-9A1E7A4F7556}") = "01", "1\01.csproj", "{AE47C0B9-44EB-4157-A74A-FF75AEB3C0AE}"
EndProject
Project("{9A19103F-16F7-4668-BE54-9A1E7A4F7556}") = "02", "2\02.csproj", "{9A74DB90-76F9-4CA9-A334-1796059B21B1}"
EndProject
Project("{9A19103F-16F7-4668-BE54-9A1E7A4F7556}") = "03", "3\03.csproj", "{FC6F59E8-E314-4BAC-AA2B-00EAFE2ABA61}"
EndProject
Project("{9A19103F-16F7-4668-BE54-9A1E7A4F7556}") = "04", "4\04.csproj", "{0775E653-1535-41A0-B896-4E48E5489269}"
EndProject
Project("{9A19103F-16F7-4668-BE54-9A1E7A4F7556}") = "05", "5\05.csproj", "{7512B97D-8EDA-45B9-B07A-B258E33E8603}"
EndProject
Project("{9A19103F-16F7-4668-BE54-9A1E7A4F7556}") = "06", "6\06.csproj", "{48DC633F-AC08-4B41-95D9-6DFE212B97C1}"
EndProject
Project("{9A19103F-16F7-4668-BE54-9A1E7A4F7556}") = "07", "7\07.csproj", "{26E2974F-7F16-4A52-96A1-29228FDBF192}"
EndProject
Project("{9A19103F-16F7-4668-BE54-9A1E7A4F7556}") = "08", "8\08.csproj", "{6F8E3472-A4FD-4913-B35C-A01626CBFD67}"
EndProject
Project("{9A19103F-16F7-4668-BE54-9A1E7A4F7556}") = "09", "9\09.csproj", "{FB5F8489-733F-4A27-843A-0E20B0E26EAB}"
EndProject
Project("{9A19103F-16F7-4668-BE54-9A1E7A4F7556}") = "10", "10\10.csproj", "{D6B69123-A0CD-41AB-855A-99CCBACDB011}"
EndProject
Project("{9A19103F-16F7-4668-BE54-9A1E7A4F7556}") = "11", "11\11.csproj", "{A1B03C3A-BB42-4729-A3B2-B2B4D3D86E4E}"
EndProject
Project("{9A19103F-16F7-4668-BE54-9A1E7A4F7556}") = "12", "12\12.csproj", "{98C69EA0-BF31-4479-BBF4-F0AA58E073A6}"
EndProject
Project("{9A19103F-16F7-4668-BE54-9A1E7A4F7556}") = "13", "13\13.csproj", "{D4F44B1D-4176-44B5-B21C-0CF54EB5A2FD}"
EndProject
Project("{9A19103F-16F7-4668-BE54-9A1E7A4F7556}") = "14", "14\14.csproj", "{AEAE7FF2-F859-4B66-8602-084F2577A18F}"
EndProject
Project("{9A19103F-16F7-4668-BE54-9A1E7A4F7556}") = "15", "15\15.csproj", "{E1C2B82C-EF5B-4E84-A612-0554FFA76573}"
EndProject
Project("{9A19103F-16F7-4668-BE54-9A1E7A4F7556}") = "16", "16\16.csproj", "{C3240E7D-1498-4014-B297-69E21A0D7311}"
EndProject
Project("{9A19103F-16F7-4668-BE54-9A1E7A4F7556}") = "Common", "Common\Common.csproj", "{3AC12100-0613-45A3-919F-2FFD995DFE28}"
EndProject
Project("{FAE04EC0-301F-11D3-BF4B-00C04F79EFBC}") = "17", "17\17.csproj", "{6B9AD78B-A0D7-4030-9905-234B2E0C87EB}"
EndProject
Global
	GlobalSection(SolutionConfigurationPlatforms) = preSolution
		Debug|Any CPU = Debug|Any CPU
		Release|Any CPU = Release|Any CPU
	EndGlobalSection
	GlobalSection(ProjectConfigurationPlatforms) = postSolution
		{AE47C0B9-44EB-4157-A74A-FF75AEB3C0AE}.Debug|Any CPU.ActiveCfg = Debug|Any CPU
		{AE47C0B9-44EB-4157-A74A-FF75AEB3C0AE}.Debug|Any CPU.Build.0 = Debug|Any CPU
		{AE47C0B9-44EB-4157-A74A-FF75AEB3C0AE}.Release|Any CPU.ActiveCfg = Release|Any CPU
		{AE47C0B9-44EB-4157-A74A-FF75AEB3C0AE}.Release|Any CPU.Build.0 = Release|Any CPU
		{9A74DB90-76F9-4CA9-A334-1796059B21B1}.Debug|Any CPU.ActiveCfg = Debug|Any CPU
		{9A74DB90-76F9-4CA9-A334-1796059B21B1}.Debug|Any CPU.Build.0 = Debug|Any CPU
		{9A74DB90-76F9-4CA9-A334-1796059B21B1}.Release|Any CPU.ActiveCfg = Release|Any CPU
		{9A74DB90-76F9-4CA9-A334-1796059B21B1}.Release|Any CPU.Build.0 = Release|Any CPU
		{FC6F59E8-E314-4BAC-AA2B-00EAFE2ABA61}.Debug|Any CPU.ActiveCfg = Debug|Any CPU
		{FC6F59E8-E314-4BAC-AA2B-00EAFE2ABA61}.Debug|Any CPU.Build.0 = Debug|Any CPU
		{FC6F59E8-E314-4BAC-AA2B-00EAFE2ABA61}.Release|Any CPU.ActiveCfg = Release|Any CPU
		{FC6F59E8-E314-4BAC-AA2B-00EAFE2ABA61}.Release|Any CPU.Build.0 = Release|Any CPU
		{0775E653-1535-41A0-B896-4E48E5489269}.Debug|Any CPU.ActiveCfg = Debug|Any CPU
		{0775E653-1535-41A0-B896-4E48E5489269}.Debug|Any CPU.Build.0 = Debug|Any CPU
		{0775E653-1535-41A0-B896-4E48E5489269}.Release|Any CPU.ActiveCfg = Release|Any CPU
		{0775E653-1535-41A0-B896-4E48E5489269}.Release|Any CPU.Build.0 = Release|Any CPU
		{7512B97D-8EDA-45B9-B07A-B258E33E8603}.Debug|Any CPU.ActiveCfg = Debug|Any CPU
		{7512B97D-8EDA-45B9-B07A-B258E33E8603}.Debug|Any CPU.Build.0 = Debug|Any CPU
		{7512B97D-8EDA-45B9-B07A-B258E33E8603}.Release|Any CPU.ActiveCfg = Release|Any CPU
		{7512B97D-8EDA-45B9-B07A-B258E33E8603}.Release|Any CPU.Build.0 = Release|Any CPU
		{48DC633F-AC08-4B41-95D9-6DFE212B97C1}.Debug|Any CPU.ActiveCfg = Debug|Any CPU
		{48DC633F-AC08-4B41-95D9-6DFE212B97C1}.Debug|Any CPU.Build.0 = Debug|Any CPU
		{48DC633F-AC08-4B41-95D9-6DFE212B97C1}.Release|Any CPU.ActiveCfg = Release|Any CPU
		{48DC633F-AC08-4B41-95D9-6DFE212B97C1}.Release|Any CPU.Build.0 = Release|Any CPU
		{26E2974F-7F16-4A52-96A1-29228FDBF192}.Debug|Any CPU.ActiveCfg = Debug|Any CPU
		{26E2974F-7F16-4A52-96A1-29228FDBF192}.Debug|Any CPU.Build.0 = Debug|Any CPU
		{26E2974F-7F16-4A52-96A1-29228FDBF192}.Release|Any CPU.ActiveCfg = Release|Any CPU
		{26E2974F-7F16-4A52-96A1-29228FDBF192}.Release|Any CPU.Build.0 = Release|Any CPU
		{6F8E3472-A4FD-4913-B35C-A01626CBFD67}.Debug|Any CPU.ActiveCfg = Debug|Any CPU
		{6F8E3472-A4FD-4913-B35C-A01626CBFD67}.Debug|Any CPU.Build.0 = Debug|Any CPU
		{6F8E3472-A4FD-4913-B35C-A01626CBFD67}.Release|Any CPU.ActiveCfg = Release|Any CPU
		{6F8E3472-A4FD-4913-B35C-A01626CBFD67}.Release|Any CPU.Build.0 = Release|Any CPU
		{FB5F8489-733F-4A27-843A-0E20B0E26EAB}.Debug|Any CPU.ActiveCfg = Debug|Any CPU
		{FB5F8489-733F-4A27-843A-0E20B0E26EAB}.Debug|Any CPU.Build.0 = Debug|Any CPU
		{FB5F8489-733F-4A27-843A-0E20B0E26EAB}.Release|Any CPU.ActiveCfg = Release|Any CPU
		{FB5F8489-733F-4A27-843A-0E20B0E26EAB}.Release|Any CPU.Build.0 = Release|Any CPU
		{D6B69123-A0CD-41AB-855A-99CCBACDB011}.Debug|Any CPU.ActiveCfg = Debug|Any CPU
		{D6B69123-A0CD-41AB-855A-99CCBACDB011}.Debug|Any CPU.Build.0 = Debug|Any CPU
		{D6B69123-A0CD-41AB-855A-99CCBACDB011}.Release|Any CPU.ActiveCfg = Release|Any CPU
		{D6B69123-A0CD-41AB-855A-99CCBACDB011}.Release|Any CPU.Build.0 = Release|Any CPU
		{A1B03C3A-BB42-4729-A3B2-B2B4D3D86E4E}.Debug|Any CPU.ActiveCfg = Debug|Any CPU
		{A1B03C3A-BB42-4729-A3B2-B2B4D3D86E4E}.Debug|Any CPU.Build.0 = Debug|Any CPU
		{A1B03C3A-BB42-4729-A3B2-B2B4D3D86E4E}.Release|Any CPU.ActiveCfg = Release|Any CPU
		{A1B03C3A-BB42-4729-A3B2-B2B4D3D86E4E}.Release|Any CPU.Build.0 = Release|Any CPU
		{98C69EA0-BF31-4479-BBF4-F0AA58E073A6}.Debug|Any CPU.ActiveCfg = Debug|Any CPU
		{98C69EA0-BF31-4479-BBF4-F0AA58E073A6}.Debug|Any CPU.Build.0 = Debug|Any CPU
		{98C69EA0-BF31-4479-BBF4-F0AA58E073A6}.Release|Any CPU.ActiveCfg = Release|Any CPU
		{98C69EA0-BF31-4479-BBF4-F0AA58E073A6}.Release|Any CPU.Build.0 = Release|Any CPU
		{D4F44B1D-4176-44B5-B21C-0CF54EB5A2FD}.Debug|Any CPU.ActiveCfg = Debug|Any CPU
		{D4F44B1D-4176-44B5-B21C-0CF54EB5A2FD}.Debug|Any CPU.Build.0 = Debug|Any CPU
		{D4F44B1D-4176-44B5-B21C-0CF54EB5A2FD}.Release|Any CPU.ActiveCfg = Release|Any CPU
		{D4F44B1D-4176-44B5-B21C-0CF54EB5A2FD}.Release|Any CPU.Build.0 = Release|Any CPU
		{AEAE7FF2-F859-4B66-8602-084F2577A18F}.Debug|Any CPU.ActiveCfg = Debug|Any CPU
		{AEAE7FF2-F859-4B66-8602-084F2577A18F}.Debug|Any CPU.Build.0 = Debug|Any CPU
		{AEAE7FF2-F859-4B66-8602-084F2577A18F}.Release|Any CPU.ActiveCfg = Release|Any CPU
		{AEAE7FF2-F859-4B66-8602-084F2577A18F}.Release|Any CPU.Build.0 = Release|Any CPU
		{E1C2B82C-EF5B-4E84-A612-0554FFA76573}.Debug|Any CPU.ActiveCfg = Debug|Any CPU
		{E1C2B82C-EF5B-4E84-A612-0554FFA76573}.Debug|Any CPU.Build.0 = Debug|Any CPU
		{E1C2B82C-EF5B-4E84-A612-0554FFA76573}.Release|Any CPU.ActiveCfg = Release|Any CPU
		{E1C2B82C-EF5B-4E84-A612-0554FFA76573}.Release|Any CPU.Build.0 = Release|Any CPU
		{C3240E7D-1498-4014-B297-69E21A0D7311}.Debug|Any CPU.ActiveCfg = Debug|Any CPU
		{C3240E7D-1498-4014-B297-69E21A0D7311}.Debug|Any CPU.Build.0 = Debug|Any CPU
		{C3240E7D-1498-4014-B297-69E21A0D7311}.Release|Any CPU.ActiveCfg = Release|Any CPU
		{C3240E7D-1498-4014-B297-69E21A0D7311}.Release|Any CPU.Build.0 = Release|Any CPU
		{3AC12100-0613-45A3-919F-2FFD995DFE28}.Debug|Any CPU.ActiveCfg = Debug|Any CPU
		{3AC12100-0613-45A3-919F-2FFD995DFE28}.Debug|Any CPU.Build.0 = Debug|Any CPU
		{3AC12100-0613-45A3-919F-2FFD995DFE28}.Release|Any CPU.ActiveCfg = Release|Any CPU
		{3AC12100-0613-45A3-919F-2FFD995DFE28}.Release|Any CPU.Build.0 = Release|Any CPU
		{6B9AD78B-A0D7-4030-9905-234B2E0C87EB}.Debug|Any CPU.ActiveCfg = Debug|Any CPU
		{6B9AD78B-A0D7-4030-9905-234B2E0C87EB}.Debug|Any CPU.Build.0 = Debug|Any CPU
		{6B9AD78B-A0D7-4030-9905-234B2E0C87EB}.Release|Any CPU.ActiveCfg = Release|Any CPU
		{6B9AD78B-A0D7-4030-9905-234B2E0C87EB}.Release|Any CPU.Build.0 = Release|Any CPU
	EndGlobalSection
	GlobalSection(SolutionProperties) = preSolution
		HideSolutionNode = FALSE
	EndGlobalSection
	GlobalSection(ExtensibilityGlobals) = postSolution
		SolutionGuid = {E9C79340-01D9-458E-A58F-011A9EFDEA16}
	EndGlobalSection
EndGlobal
